// !$*UTF8*$!
{
	archiveVersion = 1;
	classes = {
	};
	objectVersion = 50;
	objects = {

/* Begin PBXBuildFile section */
		11785C2C2421710000907B4A /* AppDelegate.swift in Sources */ = {isa = PBXBuildFile; fileRef = 11785C2B2421710000907B4A /* AppDelegate.swift */; };
		11785C2E2421710000907B4A /* MenuViewController.swift in Sources */ = {isa = PBXBuildFile; fileRef = 11785C2D2421710000907B4A /* MenuViewController.swift */; };
		11785C312421710000907B4A /* Main.storyboard in Resources */ = {isa = PBXBuildFile; fileRef = 11785C2F2421710000907B4A /* Main.storyboard */; };
		11785C342421710000907B4A /* ElevatorSimIOS.xcdatamodeld in Sources */ = {isa = PBXBuildFile; fileRef = 11785C322421710000907B4A /* ElevatorSimIOS.xcdatamodeld */; };
		11785C362421710200907B4A /* Assets.xcassets in Resources */ = {isa = PBXBuildFile; fileRef = 11785C352421710200907B4A /* Assets.xcassets */; };
		11785C392421710200907B4A /* LaunchScreen.storyboard in Resources */ = {isa = PBXBuildFile; fileRef = 11785C372421710200907B4A /* LaunchScreen.storyboard */; };
		11785C442421710200907B4A /* ElevatorSimIOSTests.swift in Sources */ = {isa = PBXBuildFile; fileRef = 11785C432421710200907B4A /* ElevatorSimIOSTests.swift */; };
		11785C4F2421710200907B4A /* ElevatorSimIOSUITests.swift in Sources */ = {isa = PBXBuildFile; fileRef = 11785C4E2421710200907B4A /* ElevatorSimIOSUITests.swift */; };
		11785C612427193400907B4A /* File.swift in Sources */ = {isa = PBXBuildFile; fileRef = 11785C602427193400907B4A /* File.swift */; };
		11785C632427195400907B4A /* SimulationViewController.swift in Sources */ = {isa = PBXBuildFile; fileRef = 11785C622427195400907B4A /* SimulationViewController.swift */; };
/* End PBXBuildFile section */

/* Begin PBXContainerItemProxy section */
		11785C402421710200907B4A /* PBXContainerItemProxy */ = {
			isa = PBXContainerItemProxy;
			containerPortal = 11785C202421710000907B4A /* Project object */;
			proxyType = 1;
			remoteGlobalIDString = 11785C272421710000907B4A;
			remoteInfo = ElevatorSimIOS;
		};
		11785C4B2421710200907B4A /* PBXContainerItemProxy */ = {
			isa = PBXContainerItemProxy;
			containerPortal = 11785C202421710000907B4A /* Project object */;
			proxyType = 1;
			remoteGlobalIDString = 11785C272421710000907B4A;
			remoteInfo = ElevatorSimIOS;
		};
/* End PBXContainerItemProxy section */

/* Begin PBXFileReference section */
		11785C282421710000907B4A /* ElevatorSimIOS.app */ = {isa = PBXFileReference; explicitFileType = wrapper.application; includeInIndex = 0; path = ElevatorSimIOS.app; sourceTree = BUILT_PRODUCTS_DIR; };
		11785C2B2421710000907B4A /* AppDelegate.swift */ = {isa = PBXFileReference; lastKnownFileType = sourcecode.swift; path = AppDelegate.swift; sourceTree = "<group>"; };
		11785C2D2421710000907B4A /* MenuViewController.swift */ = {isa = PBXFileReference; lastKnownFileType = sourcecode.swift; path = MenuViewController.swift; sourceTree = "<group>"; };
		11785C302421710000907B4A /* Base */ = {isa = PBXFileReference; lastKnownFileType = file.storyboard; name = Base; path = Base.lproj/Main.storyboard; sourceTree = "<group>"; };
		11785C332421710000907B4A /* ElevatorSimIOS.xcdatamodel */ = {isa = PBXFileReference; lastKnownFileType = wrapper.xcdatamodel; path = ElevatorSimIOS.xcdatamodel; sourceTree = "<group>"; };
		11785C352421710200907B4A /* Assets.xcassets */ = {isa = PBXFileReference; lastKnownFileType = folder.assetcatalog; path = Assets.xcassets; sourceTree = "<group>"; };
		11785C382421710200907B4A /* Base */ = {isa = PBXFileReference; lastKnownFileType = file.storyboard; name = Base; path = Base.lproj/LaunchScreen.storyboard; sourceTree = "<group>"; };
		11785C3A2421710200907B4A /* Info.plist */ = {isa = PBXFileReference; lastKnownFileType = text.plist.xml; path = Info.plist; sourceTree = "<group>"; };
		11785C3F2421710200907B4A /* ElevatorSimIOSTests.xctest */ = {isa = PBXFileReference; explicitFileType = wrapper.cfbundle; includeInIndex = 0; path = ElevatorSimIOSTests.xctest; sourceTree = BUILT_PRODUCTS_DIR; };
		11785C432421710200907B4A /* ElevatorSimIOSTests.swift */ = {isa = PBXFileReference; lastKnownFileType = sourcecode.swift; path = ElevatorSimIOSTests.swift; sourceTree = "<group>"; };
		11785C452421710200907B4A /* Info.plist */ = {isa = PBXFileReference; lastKnownFileType = text.plist.xml; path = Info.plist; sourceTree = "<group>"; };
		11785C4A2421710200907B4A /* ElevatorSimIOSUITests.xctest */ = {isa = PBXFileReference; explicitFileType = wrapper.cfbundle; includeInIndex = 0; path = ElevatorSimIOSUITests.xctest; sourceTree = BUILT_PRODUCTS_DIR; };
		11785C4E2421710200907B4A /* ElevatorSimIOSUITests.swift */ = {isa = PBXFileReference; lastKnownFileType = sourcecode.swift; path = ElevatorSimIOSUITests.swift; sourceTree = "<group>"; };
		11785C502421710200907B4A /* Info.plist */ = {isa = PBXFileReference; lastKnownFileType = text.plist.xml; path = Info.plist; sourceTree = "<group>"; };
		11785C602427193400907B4A /* File.swift */ = {isa = PBXFileReference; lastKnownFileType = sourcecode.swift; path = File.swift; sourceTree = "<group>"; };
		11785C622427195400907B4A /* SimulationViewController.swift */ = {isa = PBXFileReference; lastKnownFileType = sourcecode.swift; path = SimulationViewController.swift; sourceTree = "<group>"; };
/* End PBXFileReference section */

/* Begin PBXFrameworksBuildPhase section */
		11785C252421710000907B4A /* Frameworks */ = {
			isa = PBXFrameworksBuildPhase;
			buildActionMask = 2147483647;
			files = (
			);
			runOnlyForDeploymentPostprocessing = 0;
		};
		11785C3C2421710200907B4A /* Frameworks */ = {
			isa = PBXFrameworksBuildPhase;
			buildActionMask = 2147483647;
			files = (
			);
			runOnlyForDeploymentPostprocessing = 0;
		};
		11785C472421710200907B4A /* Frameworks */ = {
			isa = PBXFrameworksBuildPhase;
			buildActionMask = 2147483647;
			files = (
			);
			runOnlyForDeploymentPostprocessing = 0;
		};
/* End PBXFrameworksBuildPhase section */

/* Begin PBXGroup section */
		11785C1F2421710000907B4A = {
			isa = PBXGroup;
			children = (
				11785C602427193400907B4A /* File.swift */,
				11785C2A2421710000907B4A /* ElevatorSimIOS */,
				11785C422421710200907B4A /* ElevatorSimIOSTests */,
				11785C4D2421710200907B4A /* ElevatorSimIOSUITests */,
				11785C292421710000907B4A /* Products */,
			);
			sourceTree = "<group>";
		};
		11785C292421710000907B4A /* Products */ = {
			isa = PBXGroup;
			children = (
				11785C282421710000907B4A /* ElevatorSimIOS.app */,
				11785C3F2421710200907B4A /* ElevatorSimIOSTests.xctest */,
				11785C4A2421710200907B4A /* ElevatorSimIOSUITests.xctest */,
			);
			name = Products;
			sourceTree = "<group>";
		};
		11785C2A2421710000907B4A /* ElevatorSimIOS */ = {
			isa = PBXGroup;
			children = (
				11785C2B2421710000907B4A /* AppDelegate.swift */,
				11785C622427195400907B4A /* SimulationViewController.swift */,
				11785C2D2421710000907B4A /* MenuViewController.swift */,
				11785C2F2421710000907B4A /* Main.storyboard */,
				11785C352421710200907B4A /* Assets.xcassets */,
				11785C372421710200907B4A /* LaunchScreen.storyboard */,
				11785C3A2421710200907B4A /* Info.plist */,
				11785C322421710000907B4A /* ElevatorSimIOS.xcdatamodeld */,
			);
			path = ElevatorSimIOS;
			sourceTree = "<group>";
		};
		11785C422421710200907B4A /* ElevatorSimIOSTests */ = {
			isa = PBXGroup;
			children = (
				11785C432421710200907B4A /* ElevatorSimIOSTests.swift */,
				11785C452421710200907B4A /* Info.plist */,
			);
			path = ElevatorSimIOSTests;
			sourceTree = "<group>";
		};
		11785C4D2421710200907B4A /* ElevatorSimIOSUITests */ = {
			isa = PBXGroup;
			children = (
				11785C4E2421710200907B4A /* ElevatorSimIOSUITests.swift */,
				11785C502421710200907B4A /* Info.plist */,
			);
			path = ElevatorSimIOSUITests;
			sourceTree = "<group>";
		};
/* End PBXGroup section */

/* Begin PBXNativeTarget section */
		11785C272421710000907B4A /* ElevatorSimIOS */ = {
			isa = PBXNativeTarget;
			buildConfigurationList = 11785C532421710200907B4A /* Build configuration list for PBXNativeTarget "ElevatorSimIOS" */;
			buildPhases = (
				11785C242421710000907B4A /* Sources */,
				11785C252421710000907B4A /* Frameworks */,
				11785C262421710000907B4A /* Resources */,
			);
			buildRules = (
			);
			dependencies = (
			);
			name = ElevatorSimIOS;
			productName = ElevatorSimIOS;
			productReference = 11785C282421710000907B4A /* ElevatorSimIOS.app */;
			productType = "com.apple.product-type.application";
		};
		11785C3E2421710200907B4A /* ElevatorSimIOSTests */ = {
			isa = PBXNativeTarget;
			buildConfigurationList = 11785C562421710200907B4A /* Build configuration list for PBXNativeTarget "ElevatorSimIOSTests" */;
			buildPhases = (
				11785C3B2421710200907B4A /* Sources */,
				11785C3C2421710200907B4A /* Frameworks */,
				11785C3D2421710200907B4A /* Resources */,
			);
			buildRules = (
			);
			dependencies = (
				11785C412421710200907B4A /* PBXTargetDependency */,
			);
			name = ElevatorSimIOSTests;
			productName = ElevatorSimIOSTests;
			productReference = 11785C3F2421710200907B4A /* ElevatorSimIOSTests.xctest */;
			productType = "com.apple.product-type.bundle.unit-test";
		};
		11785C492421710200907B4A /* ElevatorSimIOSUITests */ = {
			isa = PBXNativeTarget;
			buildConfigurationList = 11785C592421710200907B4A /* Build configuration list for PBXNativeTarget "ElevatorSimIOSUITests" */;
			buildPhases = (
				11785C462421710200907B4A /* Sources */,
				11785C472421710200907B4A /* Frameworks */,
				11785C482421710200907B4A /* Resources */,
			);
			buildRules = (
			);
			dependencies = (
				11785C4C2421710200907B4A /* PBXTargetDependency */,
			);
			name = ElevatorSimIOSUITests;
			productName = ElevatorSimIOSUITests;
			productReference = 11785C4A2421710200907B4A /* ElevatorSimIOSUITests.xctest */;
			productType = "com.apple.product-type.bundle.ui-testing";
		};
/* End PBXNativeTarget section */

/* Begin PBXProject section */
		11785C202421710000907B4A /* Project object */ = {
			isa = PBXProject;
			attributes = {
				LastSwiftUpdateCheck = 1020;
				LastUpgradeCheck = 1020;
				ORGANIZATIONNAME = "Ryan Schoenlein";
				TargetAttributes = {
					11785C272421710000907B4A = {
						CreatedOnToolsVersion = 10.2.1;
					};
					11785C3E2421710200907B4A = {
						CreatedOnToolsVersion = 10.2.1;
						TestTargetID = 11785C272421710000907B4A;
					};
					11785C492421710200907B4A = {
						CreatedOnToolsVersion = 10.2.1;
						TestTargetID = 11785C272421710000907B4A;
					};
				};
			};
			buildConfigurationList = 11785C232421710000907B4A /* Build configuration list for PBXProject "ElevatorSimIOS" */;
			compatibilityVersion = "Xcode 9.3";
			developmentRegion = en;
			hasScannedForEncodings = 0;
			knownRegions = (
				en,
				Base,
			);
			mainGroup = 11785C1F2421710000907B4A;
			productRefGroup = 11785C292421710000907B4A /* Products */;
			projectDirPath = "";
			projectRoot = "";
			targets = (
				11785C272421710000907B4A /* ElevatorSimIOS */,
				11785C3E2421710200907B4A /* ElevatorSimIOSTests */,
				11785C492421710200907B4A /* ElevatorSimIOSUITests */,
			);
		};
/* End PBXProject section */

/* Begin PBXResourcesBuildPhase section */
		11785C262421710000907B4A /* Resources */ = {
			isa = PBXResourcesBuildPhase;
			buildActionMask = 2147483647;
			files = (
				11785C392421710200907B4A /* LaunchScreen.storyboard in Resources */,
				11785C362421710200907B4A /* Assets.xcassets in Resources */,
				11785C312421710000907B4A /* Main.storyboard in Resources */,
			);
			runOnlyForDeploymentPostprocessing = 0;
		};
		11785C3D2421710200907B4A /* Resources */ = {
			isa = PBXResourcesBuildPhase;
			buildActionMask = 2147483647;
			files = (
			);
			runOnlyForDeploymentPostprocessing = 0;
		};
		11785C482421710200907B4A /* Resources */ = {
			isa = PBXResourcesBuildPhase;
			buildActionMask = 2147483647;
			files = (
			);
			runOnlyForDeploymentPostprocessing = 0;
		};
/* End PBXResourcesBuildPhase section */

/* Begin PBXSourcesBuildPhase section */
		11785C242421710000907B4A /* Sources */ = {
			isa = PBXSourcesBuildPhase;
			buildActionMask = 2147483647;
			files = (
				11785C342421710000907B4A /* ElevatorSimIOS.xcdatamodeld in Sources */,
				11785C632427195400907B4A /* SimulationViewController.swift in Sources */,
				11785C612427193400907B4A /* File.swift in Sources */,
				11785C2E2421710000907B4A /* MenuViewController.swift in Sources */,
				11785C2C2421710000907B4A /* AppDelegate.swift in Sources */,
			);
			runOnlyForDeploymentPostprocessing = 0;
		};
		11785C3B2421710200907B4A /* Sources */ = {
			isa = PBXSourcesBuildPhase;
			buildActionMask = 2147483647;
			files = (
				11785C442421710200907B4A /* ElevatorSimIOSTests.swift in Sources */,
			);
			runOnlyForDeploymentPostprocessing = 0;
		};
		11785C462421710200907B4A /* Sources */ = {
			isa = PBXSourcesBuildPhase;
			buildActionMask = 2147483647;
			files = (
				11785C4F2421710200907B4A /* ElevatorSimIOSUITests.swift in Sources */,
			);
			runOnlyForDeploymentPostprocessing = 0;
		};
/* End PBXSourcesBuildPhase section */

/* Begin PBXTargetDependency section */
		11785C412421710200907B4A /* PBXTargetDependency */ = {
			isa = PBXTargetDependency;
			target = 11785C272421710000907B4A /* ElevatorSimIOS */;
			targetProxy = 11785C402421710200907B4A /* PBXContainerItemProxy */;
		};
		11785C4C2421710200907B4A /* PBXTargetDependency */ = {
			isa = PBXTargetDependency;
			target = 11785C272421710000907B4A /* ElevatorSimIOS */;
			targetProxy = 11785C4B2421710200907B4A /* PBXContainerItemProxy */;
		};
/* End PBXTargetDependency section */

/* Begin PBXVariantGroup section */
		11785C2F2421710000907B4A /* Main.storyboard */ = {
			isa = PBXVariantGroup;
			children = (
				11785C302421710000907B4A /* Base */,
			);
			name = Main.storyboard;
			sourceTree = "<group>";
		};
		11785C372421710200907B4A /* LaunchScreen.storyboard */ = {
			isa = PBXVariantGroup;
			children = (
				11785C382421710200907B4A /* Base */,
			);
			name = LaunchScreen.storyboard;
			sourceTree = "<group>";
		};
/* End PBXVariantGroup section */

/* Begin XCBuildConfiguration section */
		11785C512421710200907B4A /* Debug */ = {
			isa = XCBuildConfiguration;
			buildSettings = {
				ALWAYS_SEARCH_USER_PATHS = NO;
				CLANG_ANALYZER_NONNULL = YES;
				CLANG_ANALYZER_NUMBER_OBJECT_CONVERSION = YES_AGGRESSIVE;
				CLANG_CXX_LANGUAGE_STANDARD = "gnu++14";
				CLANG_CXX_LIBRARY = "libc++";
				CLANG_ENABLE_MODULES = YES;
				CLANG_ENABLE_OBJC_ARC = YES;
				CLANG_ENABLE_OBJC_WEAK = YES;
				CLANG_WARN_BLOCK_CAPTURE_AUTORELEASING = YES;
				CLANG_WARN_BOOL_CONVERSION = YES;
				CLANG_WARN_COMMA = YES;
				CLANG_WARN_CONSTANT_CONVERSION = YES;
				CLANG_WARN_DEPRECATED_OBJC_IMPLEMENTATIONS = YES;
				CLANG_WARN_DIRECT_OBJC_ISA_USAGE = YES_ERROR;
				CLANG_WARN_DOCUMENTATION_COMMENTS = YES;
				CLANG_WARN_EMPTY_BODY = YES;
				CLANG_WARN_ENUM_CONVERSION = YES;
				CLANG_WARN_INFINITE_RECURSION = YES;
				CLANG_WARN_INT_CONVERSION = YES;
				CLANG_WARN_NON_LITERAL_NULL_CONVERSION = YES;
				CLANG_WARN_OBJC_IMPLICIT_RETAIN_SELF = YES;
				CLANG_WARN_OBJC_LITERAL_CONVERSION = YES;
				CLANG_WARN_OBJC_ROOT_CLASS = YES_ERROR;
				CLANG_WARN_RANGE_LOOP_ANALYSIS = YES;
				CLANG_WARN_STRICT_PROTOTYPES = YES;
				CLANG_WARN_SUSPICIOUS_MOVE = YES;
				CLANG_WARN_UNGUARDED_AVAILABILITY = YES_AGGRESSIVE;
				CLANG_WARN_UNREACHABLE_CODE = YES;
				CLANG_WARN__DUPLICATE_METHOD_MATCH = YES;
				CODE_SIGN_IDENTITY = "iPhone Developer";
				COPY_PHASE_STRIP = NO;
				DEBUG_INFORMATION_FORMAT = dwarf;
				ENABLE_STRICT_OBJC_MSGSEND = YES;
				ENABLE_TESTABILITY = YES;
				GCC_C_LANGUAGE_STANDARD = gnu11;
				GCC_DYNAMIC_NO_PIC = NO;
				GCC_NO_COMMON_BLOCKS = YES;
				GCC_OPTIMIZATION_LEVEL = 0;
				GCC_PREPROCESSOR_DEFINITIONS = (
					"DEBUG=1",
					"$(inherited)",
				);
				GCC_WARN_64_TO_32_BIT_CONVERSION = YES;
				GCC_WARN_ABOUT_RETURN_TYPE = YES_ERROR;
				GCC_WARN_UNDECLARED_SELECTOR = YES;
				GCC_WARN_UNINITIALIZED_AUTOS = YES_AGGRESSIVE;
				GCC_WARN_UNUSED_FUNCTION = YES;
				GCC_WARN_UNUSED_VARIABLE = YES;
				IPHONEOS_DEPLOYMENT_TARGET = 12.2;
				MTL_ENABLE_DEBUG_INFO = INCLUDE_SOURCE;
				MTL_FAST_MATH = YES;
				ONLY_ACTIVE_ARCH = YES;
				SDKROOT = iphoneos;
				SWIFT_ACTIVE_COMPILATION_CONDITIONS = DEBUG;
				SWIFT_OPTIMIZATION_LEVEL = "-Onone";
			};
			name = Debug;
		};
		11785C522421710200907B4A /* Release */ = {
			isa = XCBuildConfiguration;
			buildSettings = {
				ALWAYS_SEARCH_USER_PATHS = NO;
				CLANG_ANALYZER_NONNULL = YES;
				CLANG_ANALYZER_NUMBER_OBJECT_CONVERSION = YES_AGGRESSIVE;
				CLANG_CXX_LANGUAGE_STANDARD = "gnu++14";
				CLANG_CXX_LIBRARY = "libc++";
				CLANG_ENABLE_MODULES = YES;
				CLANG_ENABLE_OBJC_ARC = YES;
				CLANG_ENABLE_OBJC_WEAK = YES;
				CLANG_WARN_BLOCK_CAPTURE_AUTORELEASING = YES;
				CLANG_WARN_BOOL_CONVERSION = YES;
				CLANG_WARN_COMMA = YES;
				CLANG_WARN_CONSTANT_CONVERSION = YES;
				CLANG_WARN_DEPRECATED_OBJC_IMPLEMENTATIONS = YES;
				CLANG_WARN_DIRECT_OBJC_ISA_USAGE = YES_ERROR;
				CLANG_WARN_DOCUMENTATION_COMMENTS = YES;
				CLANG_WARN_EMPTY_BODY = YES;
				CLANG_WARN_ENUM_CONVERSION = YES;
				CLANG_WARN_INFINITE_RECURSION = YES;
				CLANG_WARN_INT_CONVERSION = YES;
				CLANG_WARN_NON_LITERAL_NULL_CONVERSION = YES;
				CLANG_WARN_OBJC_IMPLICIT_RETAIN_SELF = YES;
				CLANG_WARN_OBJC_LITERAL_CONVERSION = YES;
				CLANG_WARN_OBJC_ROOT_CLASS = YES_ERROR;
				CLANG_WARN_RANGE_LOOP_ANALYSIS = YES;
				CLANG_WARN_STRICT_PROTOTYPES = YES;
				CLANG_WARN_SUSPICIOUS_MOVE = YES;
				CLANG_WARN_UNGUARDED_AVAILABILITY = YES_AGGRESSIVE;
				CLANG_WARN_UNREACHABLE_CODE = YES;
				CLANG_WARN__DUPLICATE_METHOD_MATCH = YES;
				CODE_SIGN_IDENTITY = "iPhone Developer";
				COPY_PHASE_STRIP = NO;
				DEBUG_INFORMATION_FORMAT = "dwarf-with-dsym";
				ENABLE_NS_ASSERTIONS = NO;
				ENABLE_STRICT_OBJC_MSGSEND = YES;
				GCC_C_LANGUAGE_STANDARD = gnu11;
				GCC_NO_COMMON_BLOCKS = YES;
				GCC_WARN_64_TO_32_BIT_CONVERSION = YES;
				GCC_WARN_ABOUT_RETURN_TYPE = YES_ERROR;
				GCC_WARN_UNDECLARED_SELECTOR = YES;
				GCC_WARN_UNINITIALIZED_AUTOS = YES_AGGRESSIVE;
				GCC_WARN_UNUSED_FUNCTION = YES;
				GCC_WARN_UNUSED_VARIABLE = YES;
				IPHONEOS_DEPLOYMENT_TARGET = 12.2;
				MTL_ENABLE_DEBUG_INFO = NO;
				MTL_FAST_MATH = YES;
				SDKROOT = iphoneos;
				SWIFT_COMPILATION_MODE = wholemodule;
				SWIFT_OPTIMIZATION_LEVEL = "-O";
				VALIDATE_PRODUCT = YES;
			};
			name = Release;
		};
		11785C542421710200907B4A /* Debug */ = {
			isa = XCBuildConfiguration;
			buildSettings = {
				ASSETCATALOG_COMPILER_APPICON_NAME = AppIcon;
				CODE_SIGN_STYLE = Automatic;
				INFOPLIST_FILE = ElevatorSimIOS/Info.plist;
				LD_RUNPATH_SEARCH_PATHS = (
					"$(inherited)",
					"@executable_path/Frameworks",
				);
				PRODUCT_BUNDLE_IDENTIFIER = rschoenlein.ElevatorSimIOS;
				PRODUCT_NAME = "$(TARGET_NAME)";
				SWIFT_VERSION = 5.0;
				TARGETED_DEVICE_FAMILY = "1,2";
			};
			name = Debug;
		};
		11785C552421710200907B4A /* Release */ = {
			isa = XCBuildConfiguration;
			buildSettings = {
				ASSETCATALOG_COMPILER_APPICON_NAME = AppIcon;
				CODE_SIGN_STYLE = Automatic;
				INFOPLIST_FILE = ElevatorSimIOS/Info.plist;
				LD_RUNPATH_SEARCH_PATHS = (
					"$(inherited)",
					"@executable_path/Frameworks",
				);
				PRODUCT_BUNDLE_IDENTIFIER = rschoenlein.ElevatorSimIOS;
				PRODUCT_NAME = "$(TARGET_NAME)";
				SWIFT_VERSION = 5.0;
				TARGETED_DEVICE_FAMILY = "1,2";
			};
			name = Release;
		};
		11785C572421710200907B4A /* Debug */ = {
			isa = XCBuildConfiguration;
			buildSettings = {
				ALWAYS_EMBED_SWIFT_STANDARD_LIBRARIES = YES;
				BUNDLE_LOADER = "$(TEST_HOST)";
				CODE_SIGN_STYLE = Automatic;
				INFOPLIST_FILE = ElevatorSimIOSTests/Info.plist;
				LD_RUNPATH_SEARCH_PATHS = (
					"$(inherited)",
					"@executable_path/Frameworks",
					"@loader_path/Frameworks",
				);
				PRODUCT_BUNDLE_IDENTIFIER = rschoenlein.ElevatorSimIOSTests;
				PRODUCT_NAME = "$(TARGET_NAME)";
				SWIFT_VERSION = 5.0;
				TARGETED_DEVICE_FAMILY = "1,2";
				TEST_HOST = "$(BUILT_PRODUCTS_DIR)/ElevatorSimIOS.app/ElevatorSimIOS";
			};
			name = Debug;
		};
		11785C582421710200907B4A /* Release */ = {
			isa = XCBuildConfiguration;
			buildSettings = {
				ALWAYS_EMBED_SWIFT_STANDARD_LIBRARIES = YES;
				BUNDLE_LOADER = "$(TEST_HOST)";
				CODE_SIGN_STYLE = Automatic;
				INFOPLIST_FILE = ElevatorSimIOSTests/Info.plist;
				LD_RUNPATH_SEARCH_PATHS = (
					"$(inherited)",
					"@executable_path/Frameworks",
					"@loader_path/Frameworks",
				);
				PRODUCT_BUNDLE_IDENTIFIER = rschoenlein.ElevatorSimIOSTests;
				PRODUCT_NAME = "$(TARGET_NAME)";
				SWIFT_VERSION = 5.0;
				TARGETED_DEVICE_FAMILY = "1,2";
				TEST_HOST = "$(BUILT_PRODUCTS_DIR)/ElevatorSimIOS.app/ElevatorSimIOS";
			};
			name = Release;
		};
		11785C5A2421710200907B4A /* Debug */ = {
			isa = XCBuildConfiguration;
			buildSettings = {
				ALWAYS_EMBED_SWIFT_STANDARD_LIBRARIES = YES;
				CODE_SIGN_STYLE = Automatic;
				INFOPLIST_FILE = ElevatorSimIOSUITests/Info.plist;
				LD_RUNPATH_SEARCH_PATHS = (
					"$(inherited)",
					"@executable_path/Frameworks",
					"@loader_path/Frameworks",
				);
				PRODUCT_BUNDLE_IDENTIFIER = rschoenlein.ElevatorSimIOSUITests;
				PRODUCT_NAME = "$(TARGET_NAME)";
				SWIFT_VERSION = 5.0;
				TARGETED_DEVICE_FAMILY = "1,2";
				TEST_TARGET_NAME = ElevatorSimIOS;
			};
			name = Debug;
		};
		11785C5B2421710200907B4A /* Release */ = {
			isa = XCBuildConfiguration;
			buildSettings = {
				ALWAYS_EMBED_SWIFT_STANDARD_LIBRARIES = YES;
				CODE_SIGN_STYLE = Automatic;
				INFOPLIST_FILE = ElevatorSimIOSUITests/Info.plist;
				LD_RUNPATH_SEARCH_PATHS = (
					"$(inherited)",
					"@executable_path/Frameworks",
					"@loader_path/Frameworks",
				);
				PRODUCT_BUNDLE_IDENTIFIER = rschoenlein.ElevatorSimIOSUITests;
				PRODUCT_NAME = "$(TARGET_NAME)";
				SWIFT_VERSION = 5.0;
				TARGETED_DEVICE_FAMILY = "1,2";
				TEST_TARGET_NAME = ElevatorSimIOS;
			};
			name = Release;
		};
/* End XCBuildConfiguration section */

/* Begin XCConfigurationList section */
		11785C232421710000907B4A /* Build configuration list for PBXProject "ElevatorSimIOS" */ = {
			isa = XCConfigurationList;
			buildConfigurations = (
				11785C512421710200907B4A /* Debug */,
				11785C522421710200907B4A /* Release */,
			);
			defaultConfigurationIsVisible = 0;
			defaultConfigurationName = Release;
		};
		11785C532421710200907B4A /* Build configuration list for PBXNativeTarget "ElevatorSimIOS" */ = {
			isa = XCConfigurationList;
			buildConfigurations = (
				11785C542421710200907B4A /* Debug */,
				11785C552421710200907B4A /* Release */,
			);
			defaultConfigurationIsVisible = 0;
			defaultConfigurationName = Release;
		};
		11785C562421710200907B4A /* Build configuration list for PBXNativeTarget "ElevatorSimIOSTests" */ = {
			isa = XCConfigurationList;
			buildConfigurations = (
				11785C572421710200907B4A /* Debug */,
				11785C582421710200907B4A /* Release */,
			);
			defaultConfigurationIsVisible = 0;
			defaultConfigurationName = Release;
		};
		11785C592421710200907B4A /* Build configuration list for PBXNativeTarget "ElevatorSimIOSUITests" */ = {
			isa = XCConfigurationList;
			buildConfigurations = (
				11785C5A2421710200907B4A /* Debug */,
				11785C5B2421710200907B4A /* Release */,
			);
			defaultConfigurationIsVisible = 0;
			defaultConfigurationName = Release;
		};
/* End XCConfigurationList section */

/* Begin XCVersionGroup section */
		11785C322421710000907B4A /* ElevatorSimIOS.xcdatamodeld */ = {
			isa = XCVersionGroup;
			children = (
				11785C332421710000907B4A /* ElevatorSimIOS.xcdatamodel */,
			);
			currentVersion = 11785C332421710000907B4A /* ElevatorSimIOS.xcdatamodel */;
			path = ElevatorSimIOS.xcdatamodeld;
			sourceTree = "<group>";
			versionGroupType = wrapper.xcdatamodel;
		};
/* End XCVersionGroup section */
	};
	rootObject = 11785C202421710000907B4A /* Project object */;
}
